
Microsoft Visual Studio Solution File, Format Version 12.00
# Visual Studio Version 16
VisualStudioVersion = 16.0.31025.194
MinimumVisualStudioVersion = 10.0.40219.1
Project("{8BC9CEB8-8B4A-11D0-8D11-00A0C91BC942}") = "array_1", "array_1.vcxproj", "{00A9CF0F-9290-40D9-9E52-D9AEB7B01B66}"
EndProject
Global
	GlobalSection(SolutionConfigurationPlatforms) = preSolution
		Debug|x64 = Debug|x64
		Debug|x86 = Debug|x86
		Release|x64 = Release|x64
		Release|x86 = Release|x86
	EndGlobalSection
	GlobalSection(ProjectConfigurationPlatforms) = postSolution
		{00A9CF0F-9290-40D9-9E52-D9AEB7B01B66}.Debug|x64.ActiveCfg = Debug|x64
		{00A9CF0F-9290-40D9-9E52-D9AEB7B01B66}.Debug|x64.Build.0 = Debug|x64
		{00A9CF0F-9290-40D9-9E52-D9AEB7B01B66}.Debug|x86.ActiveCfg = Debug|Win32
		{00A9CF0F-9290-40D9-9E52-D9AEB7B01B66}.Debug|x86.Build.0 = Debug|Win32
		{00A9CF0F-9290-40D9-9E52-D9AEB7B01B66}.Release|x64.ActiveCfg = Release|x64
		{00A9CF0F-9290-40D9-9E52-D9AEB7B01B66}.Release|x64.Build.0 = Release|x64
		{00A9CF0F-9290-40D9-9E52-D9AEB7B01B66}.Release|x86.ActiveCfg = Release|Win32
		{00A9CF0F-9290-40D9-9E52-D9AEB7B01B66}.Release|x86.Build.0 = Release|Win32
	EndGlobalSection
	GlobalSection(SolutionProperties) = preSolution
		HideSolutionNode = FALSE
	EndGlobalSection
	GlobalSection(ExtensibilityGlobals) = postSolution
		SolutionGuid = {6E47E1DE-09FE-4236-8856-5A2BFB77CB2A}
	EndGlobalSection
EndGlobal
